
Microsoft Visual Studio Solution File, Format Version 12.00
# Visual Studio Version 17
VisualStudioVersion = 17.4.33205.214
MinimumVisualStudioVersion = 10.0.40219.1
Project("{FAE04EC0-301F-11D3-BF4B-00C04F79EFBC}") = "BlazorServer_TangyWeb", "BlazorServer_TangyWeb\BlazorServer_TangyWeb.csproj", "{69FC3169-3E1F-4FFC-8F9D-194FAF06F796}"
EndProject
Global
	GlobalSection(SolutionConfigurationPlatforms) = preSolution
		Debug|Any CPU = Debug|Any CPU
		Release|Any CPU = Release|Any CPU
	EndGlobalSection
	GlobalSection(ProjectConfigurationPlatforms) = postSolution
		{69FC3169-3E1F-4FFC-8F9D-194FAF06F796}.Debug|Any CPU.ActiveCfg = Debug|Any CPU
		{69FC3169-3E1F-4FFC-8F9D-194FAF06F796}.Debug|Any CPU.Build.0 = Debug|Any CPU
		{69FC3169-3E1F-4FFC-8F9D-194FAF06F796}.Release|Any CPU.ActiveCfg = Release|Any CPU
		{69FC3169-3E1F-4FFC-8F9D-194FAF06F796}.Release|Any CPU.Build.0 = Release|Any CPU
	EndGlobalSection
	GlobalSection(SolutionProperties) = preSolution
		HideSolutionNode = FALSE
	EndGlobalSection
	GlobalSection(ExtensibilityGlobals) = postSolution
		SolutionGuid = {1995B093-01F5-4487-BAF6-169AE1D1C06B}
	EndGlobalSection
EndGlobal
